// !$*UTF8*$!
{
	archiveVersion = 1;
	classes = {
	};
	objectVersion = 46;
	objects = {

/* Begin PBXBuildFile section */
		2F5E032718542490007015B8 /* Foundation.framework in Frameworks */ = {isa = PBXBuildFile; fileRef = 2F5E032618542490007015B8 /* Foundation.framework */; };
		2F5E032918542490007015B8 /* CoreGraphics.framework in Frameworks */ = {isa = PBXBuildFile; fileRef = 2F5E032818542490007015B8 /* CoreGraphics.framework */; };
		2F5E032B18542490007015B8 /* UIKit.framework in Frameworks */ = {isa = PBXBuildFile; fileRef = 2F5E032A18542490007015B8 /* UIKit.framework */; };
		2F5E033118542490007015B8 /* InfoPlist.strings in Resources */ = {isa = PBXBuildFile; fileRef = 2F5E032F18542490007015B8 /* InfoPlist.strings */; };
		2F5E033318542490007015B8 /* main.m in Sources */ = {isa = PBXBuildFile; fileRef = 2F5E033218542490007015B8 /* main.m */; };
		2F5E033718542490007015B8 /* AppDelegate.m in Sources */ = {isa = PBXBuildFile; fileRef = 2F5E033618542490007015B8 /* AppDelegate.m */; };
		2F5E033A18542490007015B8 /* Main_iPhone.storyboard in Resources */ = {isa = PBXBuildFile; fileRef = 2F5E033818542490007015B8 /* Main_iPhone.storyboard */; };
		2F5E033D18542490007015B8 /* Main_iPad.storyboard in Resources */ = {isa = PBXBuildFile; fileRef = 2F5E033B18542490007015B8 /* Main_iPad.storyboard */; };
		2F5E034018542490007015B8 /* ViewController.m in Sources */ = {isa = PBXBuildFile; fileRef = 2F5E033F18542490007015B8 /* ViewController.m */; };
		2F5E034218542490007015B8 /* Images.xcassets in Resources */ = {isa = PBXBuildFile; fileRef = 2F5E034118542490007015B8 /* Images.xcassets */; };
		2F5E034918542490007015B8 /* XCTest.framework in Frameworks */ = {isa = PBXBuildFile; fileRef = 2F5E034818542490007015B8 /* XCTest.framework */; };
		2F5E034A18542490007015B8 /* Foundation.framework in Frameworks */ = {isa = PBXBuildFile; fileRef = 2F5E032618542490007015B8 /* Foundation.framework */; };
		2F5E034B18542490007015B8 /* UIKit.framework in Frameworks */ = {isa = PBXBuildFile; fileRef = 2F5E032A18542490007015B8 /* UIKit.framework */; };
		2F5E035318542490007015B8 /* InfoPlist.strings in Resources */ = {isa = PBXBuildFile; fileRef = 2F5E035118542490007015B8 /* InfoPlist.strings */; };
		2F5E035518542490007015B8 /* CocoaQRCodeGeneratorDemo_iOSTests.m in Sources */ = {isa = PBXBuildFile; fileRef = 2F5E035418542490007015B8 /* CocoaQRCodeGeneratorDemo_iOSTests.m */; };
		2F5E036118542686007015B8 /* QRCodeGenerator.m in Sources */ = {isa = PBXBuildFile; fileRef = 2F5E036018542686007015B8 /* QRCodeGenerator.m */; };
		2F5E036218542686007015B8 /* QRCodeGenerator.m in Sources */ = {isa = PBXBuildFile; fileRef = 2F5E036018542686007015B8 /* QRCodeGenerator.m */; };
/* End PBXBuildFile section */

/* Begin PBXContainerItemProxy section */
		2F5E034C18542490007015B8 /* PBXContainerItemProxy */ = {
			isa = PBXContainerItemProxy;
			containerPortal = 2F5E031B18542490007015B8 /* Project object */;
			proxyType = 1;
			remoteGlobalIDString = 2F5E032218542490007015B8;
			remoteInfo = "CocoaQRCodeGeneratorDemo-iOS";
		};
/* End PBXContainerItemProxy section */

/* Begin PBXFileReference section */
		2F5E032318542490007015B8 /* CocoaQRCodeGeneratorDemo-iOS.app */ = {isa = PBXFileReference; explicitFileType = wrapper.application; includeInIndex = 0; path = "CocoaQRCodeGeneratorDemo-iOS.app"; sourceTree = BUILT_PRODUCTS_DIR; };
		2F5E032618542490007015B8 /* Foundation.framework */ = {isa = PBXFileReference; lastKnownFileType = wrapper.framework; name = Foundation.framework; path = System/Library/Frameworks/Foundation.framework; sourceTree = SDKROOT; };
		2F5E032818542490007015B8 /* CoreGraphics.framework */ = {isa = PBXFileReference; lastKnownFileType = wrapper.framework; name = CoreGraphics.framework; path = System/Library/Frameworks/CoreGraphics.framework; sourceTree = SDKROOT; };
		2F5E032A18542490007015B8 /* UIKit.framework */ = {isa = PBXFileReference; lastKnownFileType = wrapper.framework; name = UIKit.framework; path = System/Library/Frameworks/UIKit.framework; sourceTree = SDKROOT; };
		2F5E032E18542490007015B8 /* CocoaQRCodeGeneratorDemo-iOS-Info.plist */ = {isa = PBXFileReference; lastKnownFileType = text.plist.xml; path = "CocoaQRCodeGeneratorDemo-iOS-Info.plist"; sourceTree = "<group>"; };
		2F5E033018542490007015B8 /* en */ = {isa = PBXFileReference; lastKnownFileType = text.plist.strings; name = en; path = en.lproj/InfoPlist.strings; sourceTree = "<group>"; };
		2F5E033218542490007015B8 /* main.m */ = {isa = PBXFileReference; lastKnownFileType = sourcecode.c.objc; path = main.m; sourceTree = "<group>"; };
		2F5E033418542490007015B8 /* CocoaQRCodeGeneratorDemo-iOS-Prefix.pch */ = {isa = PBXFileReference; lastKnownFileType = sourcecode.c.h; path = "CocoaQRCodeGeneratorDemo-iOS-Prefix.pch"; sourceTree = "<group>"; };
		2F5E033518542490007015B8 /* AppDelegate.h */ = {isa = PBXFileReference; lastKnownFileType = sourcecode.c.h; path = AppDelegate.h; sourceTree = "<group>"; };
		2F5E033618542490007015B8 /* AppDelegate.m */ = {isa = PBXFileReference; lastKnownFileType = sourcecode.c.objc; path = AppDelegate.m; sourceTree = "<group>"; };
		2F5E033918542490007015B8 /* Base */ = {isa = PBXFileReference; lastKnownFileType = file.storyboard; name = Base; path = Base.lproj/Main_iPhone.storyboard; sourceTree = "<group>"; };
		2F5E033C18542490007015B8 /* Base */ = {isa = PBXFileReference; lastKnownFileType = file.storyboard; name = Base; path = Base.lproj/Main_iPad.storyboard; sourceTree = "<group>"; };
		2F5E033E18542490007015B8 /* ViewController.h */ = {isa = PBXFileReference; lastKnownFileType = sourcecode.c.h; path = ViewController.h; sourceTree = "<group>"; };
		2F5E033F18542490007015B8 /* ViewController.m */ = {isa = PBXFileReference; lastKnownFileType = sourcecode.c.objc; path = ViewController.m; sourceTree = "<group>"; };
		2F5E034118542490007015B8 /* Images.xcassets */ = {isa = PBXFileReference; lastKnownFileType = folder.assetcatalog; path = Images.xcassets; sourceTree = "<group>"; };
		2F5E034718542490007015B8 /* CocoaQRCodeGeneratorDemo-iOSTests.xctest */ = {isa = PBXFileReference; explicitFileType = wrapper.cfbundle; includeInIndex = 0; path = "CocoaQRCodeGeneratorDemo-iOSTests.xctest"; sourceTree = BUILT_PRODUCTS_DIR; };
		2F5E034818542490007015B8 /* XCTest.framework */ = {isa = PBXFileReference; lastKnownFileType = wrapper.framework; name = XCTest.framework; path = Library/Frameworks/XCTest.framework; sourceTree = DEVELOPER_DIR; };
		2F5E035018542490007015B8 /* CocoaQRCodeGeneratorDemo-iOSTests-Info.plist */ = {isa = PBXFileReference; lastKnownFileType = text.plist.xml; path = "CocoaQRCodeGeneratorDemo-iOSTests-Info.plist"; sourceTree = "<group>"; };
		2F5E035218542490007015B8 /* en */ = {isa = PBXFileReference; lastKnownFileType = text.plist.strings; name = en; path = en.lproj/InfoPlist.strings; sourceTree = "<group>"; };
		2F5E035418542490007015B8 /* CocoaQRCodeGeneratorDemo_iOSTests.m */ = {isa = PBXFileReference; lastKnownFileType = sourcecode.c.objc; path = CocoaQRCodeGeneratorDemo_iOSTests.m; sourceTree = "<group>"; };
		2F5E035F18542686007015B8 /* QRCodeGenerator.h */ = {isa = PBXFileReference; fileEncoding = 4; lastKnownFileType = sourcecode.c.h; path = QRCodeGenerator.h; sourceTree = "<group>"; };
		2F5E036018542686007015B8 /* QRCodeGenerator.m */ = {isa = PBXFileReference; fileEncoding = 4; lastKnownFileType = sourcecode.c.objc; path = QRCodeGenerator.m; sourceTree = "<group>"; };
/* End PBXFileReference section */

/* Begin PBXFrameworksBuildPhase section */
		2F5E032018542490007015B8 /* Frameworks */ = {
			isa = PBXFrameworksBuildPhase;
			buildActionMask = 2147483647;
			files = (
				2F5E032918542490007015B8 /* CoreGraphics.framework in Frameworks */,
				2F5E032B18542490007015B8 /* UIKit.framework in Frameworks */,
				2F5E032718542490007015B8 /* Foundation.framework in Frameworks */,
			);
			runOnlyForDeploymentPostprocessing = 0;
		};
		2F5E034418542490007015B8 /* Frameworks */ = {
			isa = PBXFrameworksBuildPhase;
			buildActionMask = 2147483647;
			files = (
				2F5E034918542490007015B8 /* XCTest.framework in Frameworks */,
				2F5E034B18542490007015B8 /* UIKit.framework in Frameworks */,
				2F5E034A18542490007015B8 /* Foundation.framework in Frameworks */,
			);
			runOnlyForDeploymentPostprocessing = 0;
		};
/* End PBXFrameworksBuildPhase section */

/* Begin PBXGroup section */
		2F5E031A18542490007015B8 = {
			isa = PBXGroup;
			children = (
				2F5E032C18542490007015B8 /* CocoaQRCodeGeneratorDemo-iOS */,
				2F5E034E18542490007015B8 /* CocoaQRCodeGeneratorDemo-iOSTests */,
				2F5E032518542490007015B8 /* Frameworks */,
				2F5E032418542490007015B8 /* Products */,
			);
			sourceTree = "<group>";
		};
		2F5E032418542490007015B8 /* Products */ = {
			isa = PBXGroup;
			children = (
				2F5E032318542490007015B8 /* CocoaQRCodeGeneratorDemo-iOS.app */,
				2F5E034718542490007015B8 /* CocoaQRCodeGeneratorDemo-iOSTests.xctest */,
			);
			name = Products;
			sourceTree = "<group>";
		};
		2F5E032518542490007015B8 /* Frameworks */ = {
			isa = PBXGroup;
			children = (
				2F5E032618542490007015B8 /* Foundation.framework */,
				2F5E032818542490007015B8 /* CoreGraphics.framework */,
				2F5E032A18542490007015B8 /* UIKit.framework */,
				2F5E034818542490007015B8 /* XCTest.framework */,
			);
			name = Frameworks;
			sourceTree = "<group>";
		};
		2F5E032C18542490007015B8 /* CocoaQRCodeGeneratorDemo-iOS */ = {
			isa = PBXGroup;
			children = (
				2F5E035E18542686007015B8 /* QRCodeGenerator */,
				2F5E033518542490007015B8 /* AppDelegate.h */,
				2F5E033618542490007015B8 /* AppDelegate.m */,
				2F5E033818542490007015B8 /* Main_iPhone.storyboard */,
				2F5E033B18542490007015B8 /* Main_iPad.storyboard */,
				2F5E033E18542490007015B8 /* ViewController.h */,
				2F5E033F18542490007015B8 /* ViewController.m */,
				2F5E034118542490007015B8 /* Images.xcassets */,
				2F5E032D18542490007015B8 /* Supporting Files */,
			);
			path = "CocoaQRCodeGeneratorDemo-iOS";
			sourceTree = "<group>";
		};
		2F5E032D18542490007015B8 /* Supporting Files */ = {
			isa = PBXGroup;
			children = (
				2F5E032E18542490007015B8 /* CocoaQRCodeGeneratorDemo-iOS-Info.plist */,
				2F5E032F18542490007015B8 /* InfoPlist.strings */,
				2F5E033218542490007015B8 /* main.m */,
				2F5E033418542490007015B8 /* CocoaQRCodeGeneratorDemo-iOS-Prefix.pch */,
			);
			name = "Supporting Files";
			sourceTree = "<group>";
		};
		2F5E034E18542490007015B8 /* CocoaQRCodeGeneratorDemo-iOSTests */ = {
			isa = PBXGroup;
			children = (
				2F5E035418542490007015B8 /* CocoaQRCodeGeneratorDemo_iOSTests.m */,
				2F5E034F18542490007015B8 /* Supporting Files */,
			);
			path = "CocoaQRCodeGeneratorDemo-iOSTests";
			sourceTree = "<group>";
		};
		2F5E034F18542490007015B8 /* Supporting Files */ = {
			isa = PBXGroup;
			children = (
				2F5E035018542490007015B8 /* CocoaQRCodeGeneratorDemo-iOSTests-Info.plist */,
				2F5E035118542490007015B8 /* InfoPlist.strings */,
			);
			name = "Supporting Files";
			sourceTree = "<group>";
		};
		2F5E035E18542686007015B8 /* QRCodeGenerator */ = {
			isa = PBXGroup;
			children = (
				2F5E035F18542686007015B8 /* QRCodeGenerator.h */,
				2F5E036018542686007015B8 /* QRCodeGenerator.m */,
			);
			name = QRCodeGenerator;
			path = ../../QRCodeGenerator;
			sourceTree = "<group>";
		};
/* End PBXGroup section */

/* Begin PBXNativeTarget section */
		2F5E032218542490007015B8 /* CocoaQRCodeGeneratorDemo-iOS */ = {
			isa = PBXNativeTarget;
			buildConfigurationList = 2F5E035818542490007015B8 /* Build configuration list for PBXNativeTarget "CocoaQRCodeGeneratorDemo-iOS" */;
			buildPhases = (
				2F5E031F18542490007015B8 /* Sources */,
				2F5E032018542490007015B8 /* Frameworks */,
				2F5E032118542490007015B8 /* Resources */,
			);
			buildRules = (
			);
			dependencies = (
			);
			name = "CocoaQRCodeGeneratorDemo-iOS";
			productName = "CocoaQRCodeGeneratorDemo-iOS";
			productReference = 2F5E032318542490007015B8 /* CocoaQRCodeGeneratorDemo-iOS.app */;
			productType = "com.apple.product-type.application";
		};
		2F5E034618542490007015B8 /* CocoaQRCodeGeneratorDemo-iOSTests */ = {
			isa = PBXNativeTarget;
			buildConfigurationList = 2F5E035B18542490007015B8 /* Build configuration list for PBXNativeTarget "CocoaQRCodeGeneratorDemo-iOSTests" */;
			buildPhases = (
				2F5E034318542490007015B8 /* Sources */,
				2F5E034418542490007015B8 /* Frameworks */,
				2F5E034518542490007015B8 /* Resources */,
			);
			buildRules = (
			);
			dependencies = (
				2F5E034D18542490007015B8 /* PBXTargetDependency */,
			);
			name = "CocoaQRCodeGeneratorDemo-iOSTests";
			productName = "CocoaQRCodeGeneratorDemo-iOSTests";
			productReference = 2F5E034718542490007015B8 /* CocoaQRCodeGeneratorDemo-iOSTests.xctest */;
			productType = "com.apple.product-type.bundle.unit-test";
		};
/* End PBXNativeTarget section */

/* Begin PBXProject section */
		2F5E031B18542490007015B8 /* Project object */ = {
			isa = PBXProject;
			attributes = {
				LastUpgradeCheck = 0500;
				ORGANIZATIONNAME = puts.wataruhash.info;
				TargetAttributes = {
					2F5E034618542490007015B8 = {
						TestTargetID = 2F5E032218542490007015B8;
					};
				};
			};
			buildConfigurationList = 2F5E031E18542490007015B8 /* Build configuration list for PBXProject "CocoaQRCodeGeneratorDemo-iOS" */;
			compatibilityVersion = "Xcode 3.2";
			developmentRegion = English;
			hasScannedForEncodings = 0;
			knownRegions = (
				en,
				Base,
			);
			mainGroup = 2F5E031A18542490007015B8;
			productRefGroup = 2F5E032418542490007015B8 /* Products */;
			projectDirPath = "";
			projectRoot = "";
			targets = (
				2F5E032218542490007015B8 /* CocoaQRCodeGeneratorDemo-iOS */,
				2F5E034618542490007015B8 /* CocoaQRCodeGeneratorDemo-iOSTests */,
			);
		};
/* End PBXProject section */

/* Begin PBXResourcesBuildPhase section */
		2F5E032118542490007015B8 /* Resources */ = {
			isa = PBXResourcesBuildPhase;
			buildActionMask = 2147483647;
			files = (
				2F5E033D18542490007015B8 /* Main_iPad.storyboard in Resources */,
				2F5E034218542490007015B8 /* Images.xcassets in Resources */,
				2F5E033A18542490007015B8 /* Main_iPhone.storyboard in Resources */,
				2F5E033118542490007015B8 /* InfoPlist.strings in Resources */,
			);
			runOnlyForDeploymentPostprocessing = 0;
		};
		2F5E034518542490007015B8 /* Resources */ = {
			isa = PBXResourcesBuildPhase;
			buildActionMask = 2147483647;
			files = (
				2F5E035318542490007015B8 /* InfoPlist.strings in Resources */,
			);
			runOnlyForDeploymentPostprocessing = 0;
		};
/* End PBXResourcesBuildPhase section */

/* Begin PBXSourcesBuildPhase section */
		2F5E031F18542490007015B8 /* Sources */ = {
			isa = PBXSourcesBuildPhase;
			buildActionMask = 2147483647;
			files = (
				2F5E034018542490007015B8 /* ViewController.m in Sources */,
				2F5E036118542686007015B8 /* QRCodeGenerator.m in Sources */,
				2F5E033718542490007015B8 /* AppDelegate.m in Sources */,
				2F5E033318542490007015B8 /* main.m in Sources */,
			);
			runOnlyForDeploymentPostprocessing = 0;
		};
		2F5E034318542490007015B8 /* Sources */ = {
			isa = PBXSourcesBuildPhase;
			buildActionMask = 2147483647;
			files = (
				2F5E035518542490007015B8 /* CocoaQRCodeGeneratorDemo_iOSTests.m in Sources */,
				2F5E036218542686007015B8 /* QRCodeGenerator.m in Sources */,
			);
			runOnlyForDeploymentPostprocessing = 0;
		};
/* End PBXSourcesBuildPhase section */

/* Begin PBXTargetDependency section */
		2F5E034D18542490007015B8 /* PBXTargetDependency */ = {
			isa = PBXTargetDependency;
			target = 2F5E032218542490007015B8 /* CocoaQRCodeGeneratorDemo-iOS */;
			targetProxy = 2F5E034C18542490007015B8 /* PBXContainerItemProxy */;
		};
/* End PBXTargetDependency section */

/* Begin PBXVariantGroup section */
		2F5E032F18542490007015B8 /* InfoPlist.strings */ = {
			isa = PBXVariantGroup;
			children = (
				2F5E033018542490007015B8 /* en */,
			);
			name = InfoPlist.strings;
			sourceTree = "<group>";
		};
		2F5E033818542490007015B8 /* Main_iPhone.storyboard */ = {
			isa = PBXVariantGroup;
			children = (
				2F5E033918542490007015B8 /* Base */,
			);
			name = Main_iPhone.storyboard;
			sourceTree = "<group>";
		};
		2F5E033B18542490007015B8 /* Main_iPad.storyboard */ = {
			isa = PBXVariantGroup;
			children = (
				2F5E033C18542490007015B8 /* Base */,
			);
			name = Main_iPad.storyboard;
			sourceTree = "<group>";
		};
		2F5E035118542490007015B8 /* InfoPlist.strings */ = {
			isa = PBXVariantGroup;
			children = (
				2F5E035218542490007015B8 /* en */,
			);
			name = InfoPlist.strings;
			sourceTree = "<group>";
		};
/* End PBXVariantGroup section */

/* Begin XCBuildConfiguration section */
		2F5E035618542490007015B8 /* Debug */ = {
			isa = XCBuildConfiguration;
			buildSettings = {
				ALWAYS_SEARCH_USER_PATHS = NO;
				ARCHS = "$(ARCHS_STANDARD_INCLUDING_64_BIT)";
				CLANG_CXX_LANGUAGE_STANDARD = "gnu++0x";
				CLANG_CXX_LIBRARY = "libc++";
				CLANG_ENABLE_MODULES = YES;
				CLANG_ENABLE_OBJC_ARC = YES;
				CLANG_WARN_BOOL_CONVERSION = YES;
				CLANG_WARN_CONSTANT_CONVERSION = YES;
				CLANG_WARN_DIRECT_OBJC_ISA_USAGE = YES_ERROR;
				CLANG_WARN_EMPTY_BODY = YES;
				CLANG_WARN_ENUM_CONVERSION = YES;
				CLANG_WARN_INT_CONVERSION = YES;
				CLANG_WARN_OBJC_ROOT_CLASS = YES_ERROR;
				CLANG_WARN__DUPLICATE_METHOD_MATCH = YES;
				"CODE_SIGN_IDENTITY[sdk=iphoneos*]" = "iPhone Developer";
				COPY_PHASE_STRIP = NO;
				GCC_C_LANGUAGE_STANDARD = gnu99;
				GCC_DYNAMIC_NO_PIC = NO;
				GCC_OPTIMIZATION_LEVEL = 0;
				GCC_PREPROCESSOR_DEFINITIONS = (
					"DEBUG=1",
					"$(inherited)",
				);
				GCC_SYMBOLS_PRIVATE_EXTERN = NO;
				GCC_WARN_64_TO_32_BIT_CONVERSION = YES;
				GCC_WARN_ABOUT_RETURN_TYPE = YES_ERROR;
				GCC_WARN_UNDECLARED_SELECTOR = YES;
				GCC_WARN_UNINITIALIZED_AUTOS = YES;
				GCC_WARN_UNUSED_FUNCTION = YES;
				GCC_WARN_UNUSED_VARIABLE = YES;
				IPHONEOS_DEPLOYMENT_TARGET = 7.0;
				ONLY_ACTIVE_ARCH = YES;
				SDKROOT = iphoneos;
				TARGETED_DEVICE_FAMILY = "1,2";
			};
			name = Debug;
		};
		2F5E035718542490007015B8 /* Release */ = {
			isa = XCBuildConfiguration;
			buildSettings = {
				ALWAYS_SEARCH_USER_PATHS = NO;
				ARCHS = "$(ARCHS_STANDARD_INCLUDING_64_BIT)";
				CLANG_CXX_LANGUAGE_STANDARD = "gnu++0x";
				CLANG_CXX_LIBRARY = "libc++";
				CLANG_ENABLE_MODULES = YES;
				CLANG_ENABLE_OBJC_ARC = YES;
				CLANG_WARN_BOOL_CONVERSION = YES;
				CLANG_WARN_CONSTANT_CONVERSION = YES;
				CLANG_WARN_DIRECT_OBJC_ISA_USAGE = YES_ERROR;
				CLANG_WARN_EMPTY_BODY = YES;
				CLANG_WARN_ENUM_CONVERSION = YES;
				CLANG_WARN_INT_CONVERSION = YES;
				CLANG_WARN_OBJC_ROOT_CLASS = YES_ERROR;
				CLANG_WARN__DUPLICATE_METHOD_MATCH = YES;
				"CODE_SIGN_IDENTITY[sdk=iphoneos*]" = "iPhone Developer";
				COPY_PHASE_STRIP = YES;
				ENABLE_NS_ASSERTIONS = NO;
				GCC_C_LANGUAGE_STANDARD = gnu99;
				GCC_WARN_64_TO_32_BIT_CONVERSION = YES;
				GCC_WARN_ABOUT_RETURN_TYPE = YES_ERROR;
				GCC_WARN_UNDECLARED_SELECTOR = YES;
				GCC_WARN_UNINITIALIZED_AUTOS = YES;
				GCC_WARN_UNUSED_FUNCTION = YES;
				GCC_WARN_UNUSED_VARIABLE = YES;
				IPHONEOS_DEPLOYMENT_TARGET = 7.0;
				SDKROOT = iphoneos;
				TARGETED_DEVICE_FAMILY = "1,2";
				VALIDATE_PRODUCT = YES;
			};
			name = Release;
		};
		2F5E035918542490007015B8 /* Debug */ = {
			isa = XCBuildConfiguration;
			buildSettings = {
				ASSETCATALOG_COMPILER_APPICON_NAME = AppIcon;
				ASSETCATALOG_COMPILER_LAUNCHIMAGE_NAME = LaunchImage;
				GCC_PRECOMPILE_PREFIX_HEADER = YES;
				GCC_PREFIX_HEADER = "CocoaQRCodeGeneratorDemo-iOS/CocoaQRCodeGeneratorDemo-iOS-Prefix.pch";
				INFOPLIST_FILE = "CocoaQRCodeGeneratorDemo-iOS/CocoaQRCodeGeneratorDemo-iOS-Info.plist";
				PRODUCT_NAME = "$(TARGET_NAME)";
				WRAPPER_EXTENSION = app;
			};
			name = Debug;
		};
		2F5E035A18542490007015B8 /* Release */ = {
			isa = XCBuildConfiguration;
			buildSettings = {
				ASSETCATALOG_COMPILER_APPICON_NAME = AppIcon;
				ASSETCATALOG_COMPILER_LAUNCHIMAGE_NAME = LaunchImage;
				GCC_PRECOMPILE_PREFIX_HEADER = YES;
				GCC_PREFIX_HEADER = "CocoaQRCodeGeneratorDemo-iOS/CocoaQRCodeGeneratorDemo-iOS-Prefix.pch";
				INFOPLIST_FILE = "CocoaQRCodeGeneratorDemo-iOS/CocoaQRCodeGeneratorDemo-iOS-Info.plist";
				PRODUCT_NAME = "$(TARGET_NAME)";
				WRAPPER_EXTENSION = app;
			};
			name = Release;
		};
		2F5E035C18542490007015B8 /* Debug */ = {
			isa = XCBuildConfiguration;
			buildSettings = {
				ARCHS = "$(ARCHS_STANDARD_INCLUDING_64_BIT)";
				BUNDLE_LOADER = "$(BUILT_PRODUCTS_DIR)/CocoaQRCodeGeneratorDemo-iOS.app/CocoaQRCodeGeneratorDemo-iOS";
				FRAMEWORK_SEARCH_PATHS = (
					"$(SDKROOT)/Developer/Library/Frameworks",
					"$(inherited)",
					"$(DEVELOPER_FRAMEWORKS_DIR)",
				);
				GCC_PRECOMPILE_PREFIX_HEADER = YES;
				GCC_PREFIX_HEADER = "CocoaQRCodeGeneratorDemo-iOS/CocoaQRCodeGeneratorDemo-iOS-Prefix.pch";
				GCC_PREPROCESSOR_DEFINITIONS = (
					"DEBUG=1",
					"$(inherited)",
				);
				INFOPLIST_FILE = "CocoaQRCodeGeneratorDemo-iOSTests/CocoaQRCodeGeneratorDemo-iOSTests-Info.plist";
				PRODUCT_NAME = "$(TARGET_NAME)";
				TEST_HOST = "$(BUNDLE_LOADER)";
				WRAPPER_EXTENSION = xctest;
			};
			name = Debug;
		};
		2F5E035D18542490007015B8 /* Release */ = {
			isa = XCBuildConfiguration;
			buildSettings = {
				ARCHS = "$(ARCHS_STANDARD_INCLUDING_64_BIT)";
				BUNDLE_LOADER = "$(BUILT_PRODUCTS_DIR)/CocoaQRCodeGeneratorDemo-iOS.app/CocoaQRCodeGeneratorDemo-iOS";
				FRAMEWORK_SEARCH_PATHS = (
					"$(SDKROOT)/Developer/Library/Frameworks",
					"$(inherited)",
					"$(DEVELOPER_FRAMEWORKS_DIR)",
				);
				GCC_PRECOMPILE_PREFIX_HEADER = YES;
				GCC_PREFIX_HEADER = "CocoaQRCodeGeneratorDemo-iOS/CocoaQRCodeGeneratorDemo-iOS-Prefix.pch";
				INFOPLIST_FILE = "CocoaQRCodeGeneratorDemo-iOSTests/CocoaQRCodeGeneratorDemo-iOSTests-Info.plist";
				PRODUCT_NAME = "$(TARGET_NAME)";
				TEST_HOST = "$(BUNDLE_LOADER)";
				WRAPPER_EXTENSION = xctest;
			};
			name = Release;
		};
/* End XCBuildConfiguration section */

/* Begin XCConfigurationList section */
		2F5E031E18542490007015B8 /* Build configuration list for PBXProject "CocoaQRCodeGeneratorDemo-iOS" */ = {
			isa = XCConfigurationList;
			buildConfigurations = (
				2F5E035618542490007015B8 /* Debug */,
				2F5E035718542490007015B8 /* Release */,
			);
			defaultConfigurationIsVisible = 0;
			defaultConfigurationName = Release;
		};
		2F5E035818542490007015B8 /* Build configuration list for PBXNativeTarget "CocoaQRCodeGeneratorDemo-iOS" */ = {
			isa = XCConfigurationList;
			buildConfigurations = (
				2F5E035918542490007015B8 /* Debug */,
				2F5E035A18542490007015B8 /* Release */,
			);
			defaultConfigurationIsVisible = 0;
		};
		2F5E035B18542490007015B8 /* Build configuration list for PBXNativeTarget "CocoaQRCodeGeneratorDemo-iOSTests" */ = {
			isa = XCConfigurationList;
			buildConfigurations = (
				2F5E035C18542490007015B8 /* Debug */,
				2F5E035D18542490007015B8 /* Release */,
			);
			defaultConfigurationIsVisible = 0;
		};
/* End XCConfigurationList section */
	};
	rootObject = 2F5E031B18542490007015B8 /* Project object */;
}
